
Microsoft Visual Studio Solution File, Format Version 12.00
# Visual Studio Version 17
VisualStudioVersion = 17.7.34024.191
MinimumVisualStudioVersion = 10.0.40219.1
Project("{FAE04EC0-301F-11D3-BF4B-00C04F79EFBC}") = "CustomerJWT", "CustomerJWT\CustomerJWT.csproj", "{ACCA7CA0-E076-4846-8C7A-9379DD3BF029}"
EndProject
Global
	GlobalSection(SolutionConfigurationPlatforms) = preSolution
		Debug|Any CPU = Debug|Any CPU
		Release|Any CPU = Release|Any CPU
	EndGlobalSection
	GlobalSection(ProjectConfigurationPlatforms) = postSolution
		{ACCA7CA0-E076-4846-8C7A-9379DD3BF029}.Debug|Any CPU.ActiveCfg = Debug|Any CPU
		{ACCA7CA0-E076-4846-8C7A-9379DD3BF029}.Debug|Any CPU.Build.0 = Debug|Any CPU
		{ACCA7CA0-E076-4846-8C7A-9379DD3BF029}.Release|Any CPU.ActiveCfg = Release|Any CPU
		{ACCA7CA0-E076-4846-8C7A-9379DD3BF029}.Release|Any CPU.Build.0 = Release|Any CPU
	EndGlobalSection
	GlobalSection(SolutionProperties) = preSolution
		HideSolutionNode = FALSE
	EndGlobalSection
	GlobalSection(ExtensibilityGlobals) = postSolution
		SolutionGuid = {8670636A-1258-42A5-89D2-ACF9B4F0E471}
	EndGlobalSection
EndGlobal
